
Microsoft Visual Studio Solution File, Format Version 12.00
# Visual Studio Version 17
VisualStudioVersion = 17.13.35919.96 d17.13
MinimumVisualStudioVersion = 10.0.40219.1
Project("{FAE04EC0-301F-11D3-BF4B-00C04F79EFBC}") = "Exercicio1", "Exercicio1\Exercicio1.csproj", "{479CBA42-4E30-4CDD-9E1F-0109AEDE95F7}"
EndProject
Global
	GlobalSection(SolutionConfigurationPlatforms) = preSolution
		Debug|Any CPU = Debug|Any CPU
		Release|Any CPU = Release|Any CPU
	EndGlobalSection
	GlobalSection(ProjectConfigurationPlatforms) = postSolution
		{479CBA42-4E30-4CDD-9E1F-0109AEDE95F7}.Debug|Any CPU.ActiveCfg = Debug|Any CPU
		{479CBA42-4E30-4CDD-9E1F-0109AEDE95F7}.Debug|Any CPU.Build.0 = Debug|Any CPU
		{479CBA42-4E30-4CDD-9E1F-0109AEDE95F7}.Release|Any CPU.ActiveCfg = Release|Any CPU
		{479CBA42-4E30-4CDD-9E1F-0109AEDE95F7}.Release|Any CPU.Build.0 = Release|Any CPU
	EndGlobalSection
	GlobalSection(SolutionProperties) = preSolution
		HideSolutionNode = FALSE
	EndGlobalSection
	GlobalSection(ExtensibilityGlobals) = postSolution
		SolutionGuid = {A2D856FB-A4F3-471E-B756-B15D63B26897}
	EndGlobalSection
EndGlobal
